// !$*UTF8*$!
{
	archiveVersion = 1;
	classes = {
	};
	objectVersion = 56;
	objects = {

/* Begin PBXBuildFile section */
		1D0E7ADB2C2EFB49004D182A /* FlickrAppApp.swift in Sources */ = {isa = PBXBuildFile; fileRef = 1D0E7ADA2C2EFB49004D182A /* FlickrAppApp.swift */; };
		1D0E7ADF2C2EFB4B004D182A /* Assets.xcassets in Resources */ = {isa = PBXBuildFile; fileRef = 1D0E7ADE2C2EFB4B004D182A /* Assets.xcassets */; };
		1D0E7AE32C2EFB4B004D182A /* Preview Assets.xcassets in Resources */ = {isa = PBXBuildFile; fileRef = 1D0E7AE22C2EFB4B004D182A /* Preview Assets.xcassets */; };
		1D0E7AED2C2EFB4B004D182A /* FlickrAppTests.swift in Sources */ = {isa = PBXBuildFile; fileRef = 1D0E7AEC2C2EFB4B004D182A /* FlickrAppTests.swift */; };
		1D0E7AF72C2EFB4B004D182A /* FlickrAppUITests.swift in Sources */ = {isa = PBXBuildFile; fileRef = 1D0E7AF62C2EFB4B004D182A /* FlickrAppUITests.swift */; };
		1D0E7AF92C2EFB4B004D182A /* FlickrAppUITestsLaunchTests.swift in Sources */ = {isa = PBXBuildFile; fileRef = 1D0E7AF82C2EFB4B004D182A /* FlickrAppUITestsLaunchTests.swift */; };
		1DDBA4E92C2EFC39006C4167 /* DateUtil.swift in Sources */ = {isa = PBXBuildFile; fileRef = 1DDBA4DA2C2EFC39006C4167 /* DateUtil.swift */; };
		1DDBA4EA2C2EFC39006C4167 /* URLResponse.swift in Sources */ = {isa = PBXBuildFile; fileRef = 1DDBA4DB2C2EFC39006C4167 /* URLResponse.swift */; };
		1DDBA4EB2C2EFC39006C4167 /* String+Extenstion.swift in Sources */ = {isa = PBXBuildFile; fileRef = 1DDBA4DC2C2EFC39006C4167 /* String+Extenstion.swift */; };
		1DDBA4EC2C2EFC39006C4167 /* NetworkManager.swift in Sources */ = {isa = PBXBuildFile; fileRef = 1DDBA4DE2C2EFC39006C4167 /* NetworkManager.swift */; };
		1DDBA4ED2C2EFC39006C4167 /* NetworkConstants.swift in Sources */ = {isa = PBXBuildFile; fileRef = 1DDBA4DF2C2EFC39006C4167 /* NetworkConstants.swift */; };
		1DDBA4EE2C2EFC39006C4167 /* FlickrHomeViewModel.swift in Sources */ = {isa = PBXBuildFile; fileRef = 1DDBA4E22C2EFC39006C4167 /* FlickrHomeViewModel.swift */; };
		1DDBA4EF2C2EFC39006C4167 /* FlickrImageModel.swift in Sources */ = {isa = PBXBuildFile; fileRef = 1DDBA4E42C2EFC39006C4167 /* FlickrImageModel.swift */; };
		1DDBA4F02C2EFC39006C4167 /* FlickrImageCell.swift in Sources */ = {isa = PBXBuildFile; fileRef = 1DDBA4E62C2EFC39006C4167 /* FlickrImageCell.swift */; };
		1DDBA4F12C2EFC39006C4167 /* FlickrImageDetailView.swift in Sources */ = {isa = PBXBuildFile; fileRef = 1DDBA4E72C2EFC39006C4167 /* FlickrImageDetailView.swift */; };
		1DDBA4F22C2EFC39006C4167 /* FlickrHomeView.swift in Sources */ = {isa = PBXBuildFile; fileRef = 1DDBA4E82C2EFC39006C4167 /* FlickrHomeView.swift */; };
		1DDBA4F52C2EFC4F006C4167 /* Kingfisher in Frameworks */ = {isa = PBXBuildFile; productRef = 1DDBA4F42C2EFC4F006C4167 /* Kingfisher */; };
		1DDBA4F72C2EFD2A006C4167 /* DateUtils_Tests.swift in Sources */ = {isa = PBXBuildFile; fileRef = 1DDBA4F62C2EFD29006C4167 /* DateUtils_Tests.swift */; };
/* End PBXBuildFile section */

/* Begin PBXContainerItemProxy section */
		1D0E7AE92C2EFB4B004D182A /* PBXContainerItemProxy */ = {
			isa = PBXContainerItemProxy;
			containerPortal = 1D0E7ACF2C2EFB49004D182A /* Project object */;
			proxyType = 1;
			remoteGlobalIDString = 1D0E7AD62C2EFB49004D182A;
			remoteInfo = FlickrApp;
		};
		1D0E7AF32C2EFB4B004D182A /* PBXContainerItemProxy */ = {
			isa = PBXContainerItemProxy;
			containerPortal = 1D0E7ACF2C2EFB49004D182A /* Project object */;
			proxyType = 1;
			remoteGlobalIDString = 1D0E7AD62C2EFB49004D182A;
			remoteInfo = FlickrApp;
		};
/* End PBXContainerItemProxy section */

/* Begin PBXFileReference section */
		1D0E7AD72C2EFB49004D182A /* FlickrApp.app */ = {isa = PBXFileReference; explicitFileType = wrapper.application; includeInIndex = 0; path = FlickrApp.app; sourceTree = BUILT_PRODUCTS_DIR; };
		1D0E7ADA2C2EFB49004D182A /* FlickrAppApp.swift */ = {isa = PBXFileReference; lastKnownFileType = sourcecode.swift; path = FlickrAppApp.swift; sourceTree = "<group>"; };
		1D0E7ADE2C2EFB4B004D182A /* Assets.xcassets */ = {isa = PBXFileReference; lastKnownFileType = folder.assetcatalog; path = Assets.xcassets; sourceTree = "<group>"; };
		1D0E7AE02C2EFB4B004D182A /* FlickrApp.entitlements */ = {isa = PBXFileReference; lastKnownFileType = text.plist.entitlements; path = FlickrApp.entitlements; sourceTree = "<group>"; };
		1D0E7AE22C2EFB4B004D182A /* Preview Assets.xcassets */ = {isa = PBXFileReference; lastKnownFileType = folder.assetcatalog; path = "Preview Assets.xcassets"; sourceTree = "<group>"; };
		1D0E7AE82C2EFB4B004D182A /* FlickrAppTests.xctest */ = {isa = PBXFileReference; explicitFileType = wrapper.cfbundle; includeInIndex = 0; path = FlickrAppTests.xctest; sourceTree = BUILT_PRODUCTS_DIR; };
		1D0E7AEC2C2EFB4B004D182A /* FlickrAppTests.swift */ = {isa = PBXFileReference; lastKnownFileType = sourcecode.swift; path = FlickrAppTests.swift; sourceTree = "<group>"; };
		1D0E7AF22C2EFB4B004D182A /* FlickrAppUITests.xctest */ = {isa = PBXFileReference; explicitFileType = wrapper.cfbundle; includeInIndex = 0; path = FlickrAppUITests.xctest; sourceTree = BUILT_PRODUCTS_DIR; };
		1D0E7AF62C2EFB4B004D182A /* FlickrAppUITests.swift */ = {isa = PBXFileReference; lastKnownFileType = sourcecode.swift; path = FlickrAppUITests.swift; sourceTree = "<group>"; };
		1D0E7AF82C2EFB4B004D182A /* FlickrAppUITestsLaunchTests.swift */ = {isa = PBXFileReference; lastKnownFileType = sourcecode.swift; path = FlickrAppUITestsLaunchTests.swift; sourceTree = "<group>"; };
		1DDBA4DA2C2EFC39006C4167 /* DateUtil.swift */ = {isa = PBXFileReference; fileEncoding = 4; lastKnownFileType = sourcecode.swift; path = DateUtil.swift; sourceTree = "<group>"; };
		1DDBA4DB2C2EFC39006C4167 /* URLResponse.swift */ = {isa = PBXFileReference; fileEncoding = 4; lastKnownFileType = sourcecode.swift; path = URLResponse.swift; sourceTree = "<group>"; };
		1DDBA4DC2C2EFC39006C4167 /* String+Extenstion.swift */ = {isa = PBXFileReference; fileEncoding = 4; lastKnownFileType = sourcecode.swift; path = "String+Extenstion.swift"; sourceTree = "<group>"; };
		1DDBA4DE2C2EFC39006C4167 /* NetworkManager.swift */ = {isa = PBXFileReference; fileEncoding = 4; lastKnownFileType = sourcecode.swift; path = NetworkManager.swift; sourceTree = "<group>"; };
		1DDBA4DF2C2EFC39006C4167 /* NetworkConstants.swift */ = {isa = PBXFileReference; fileEncoding = 4; lastKnownFileType = sourcecode.swift; path = NetworkConstants.swift; sourceTree = "<group>"; };
		1DDBA4E22C2EFC39006C4167 /* FlickrHomeViewModel.swift */ = {isa = PBXFileReference; fileEncoding = 4; lastKnownFileType = sourcecode.swift; path = FlickrHomeViewModel.swift; sourceTree = "<group>"; };
		1DDBA4E42C2EFC39006C4167 /* FlickrImageModel.swift */ = {isa = PBXFileReference; fileEncoding = 4; lastKnownFileType = sourcecode.swift; path = FlickrImageModel.swift; sourceTree = "<group>"; };
		1DDBA4E62C2EFC39006C4167 /* FlickrImageCell.swift */ = {isa = PBXFileReference; fileEncoding = 4; lastKnownFileType = sourcecode.swift; path = FlickrImageCell.swift; sourceTree = "<group>"; };
		1DDBA4E72C2EFC39006C4167 /* FlickrImageDetailView.swift */ = {isa = PBXFileReference; fileEncoding = 4; lastKnownFileType = sourcecode.swift; path = FlickrImageDetailView.swift; sourceTree = "<group>"; };
		1DDBA4E82C2EFC39006C4167 /* FlickrHomeView.swift */ = {isa = PBXFileReference; fileEncoding = 4; lastKnownFileType = sourcecode.swift; path = FlickrHomeView.swift; sourceTree = "<group>"; };
		1DDBA4F62C2EFD29006C4167 /* DateUtils_Tests.swift */ = {isa = PBXFileReference; fileEncoding = 4; lastKnownFileType = sourcecode.swift; path = DateUtils_Tests.swift; sourceTree = "<group>"; };
/* End PBXFileReference section */

/* Begin PBXFrameworksBuildPhase section */
		1D0E7AD42C2EFB49004D182A /* Frameworks */ = {
			isa = PBXFrameworksBuildPhase;
			buildActionMask = 2147483647;
			files = (
				1DDBA4F52C2EFC4F006C4167 /* Kingfisher in Frameworks */,
			);
			runOnlyForDeploymentPostprocessing = 0;
		};
		1D0E7AE52C2EFB4B004D182A /* Frameworks */ = {
			isa = PBXFrameworksBuildPhase;
			buildActionMask = 2147483647;
			files = (
			);
			runOnlyForDeploymentPostprocessing = 0;
		};
		1D0E7AEF2C2EFB4B004D182A /* Frameworks */ = {
			isa = PBXFrameworksBuildPhase;
			buildActionMask = 2147483647;
			files = (
			);
			runOnlyForDeploymentPostprocessing = 0;
		};
/* End PBXFrameworksBuildPhase section */

/* Begin PBXGroup section */
		1D0E7ACE2C2EFB49004D182A = {
			isa = PBXGroup;
			children = (
				1D0E7AD92C2EFB49004D182A /* FlickrApp */,
				1D0E7AEB2C2EFB4B004D182A /* FlickrAppTests */,
				1D0E7AF52C2EFB4B004D182A /* FlickrAppUITests */,
				1D0E7AD82C2EFB49004D182A /* Products */,
			);
			sourceTree = "<group>";
		};
		1D0E7AD82C2EFB49004D182A /* Products */ = {
			isa = PBXGroup;
			children = (
				1D0E7AD72C2EFB49004D182A /* FlickrApp.app */,
				1D0E7AE82C2EFB4B004D182A /* FlickrAppTests.xctest */,
				1D0E7AF22C2EFB4B004D182A /* FlickrAppUITests.xctest */,
			);
			name = Products;
			sourceTree = "<group>";
		};
		1D0E7AD92C2EFB49004D182A /* FlickrApp */ = {
			isa = PBXGroup;
			children = (
				1DDBA4E02C2EFC39006C4167 /* HomePage */,
				1DDBA4DD2C2EFC39006C4167 /* NetworkManager */,
				1DDBA4D92C2EFC39006C4167 /* Utils */,
				1D0E7ADA2C2EFB49004D182A /* FlickrAppApp.swift */,
				1D0E7ADE2C2EFB4B004D182A /* Assets.xcassets */,
				1D0E7AE02C2EFB4B004D182A /* FlickrApp.entitlements */,
				1D0E7AE12C2EFB4B004D182A /* Preview Content */,
			);
			path = FlickrApp;
			sourceTree = "<group>";
		};
		1D0E7AE12C2EFB4B004D182A /* Preview Content */ = {
			isa = PBXGroup;
			children = (
				1D0E7AE22C2EFB4B004D182A /* Preview Assets.xcassets */,
			);
			path = "Preview Content";
			sourceTree = "<group>";
		};
		1D0E7AEB2C2EFB4B004D182A /* FlickrAppTests */ = {
			isa = PBXGroup;
			children = (
				1DDBA4F62C2EFD29006C4167 /* DateUtils_Tests.swift */,
				1D0E7AEC2C2EFB4B004D182A /* FlickrAppTests.swift */,
			);
			path = FlickrAppTests;
			sourceTree = "<group>";
		};
		1D0E7AF52C2EFB4B004D182A /* FlickrAppUITests */ = {
			isa = PBXGroup;
			children = (
				1D0E7AF62C2EFB4B004D182A /* FlickrAppUITests.swift */,
				1D0E7AF82C2EFB4B004D182A /* FlickrAppUITestsLaunchTests.swift */,
			);
			path = FlickrAppUITests;
			sourceTree = "<group>";
		};
		1DDBA4D92C2EFC39006C4167 /* Utils */ = {
			isa = PBXGroup;
			children = (
				1DDBA4DA2C2EFC39006C4167 /* DateUtil.swift */,
				1DDBA4DB2C2EFC39006C4167 /* URLResponse.swift */,
				1DDBA4DC2C2EFC39006C4167 /* String+Extenstion.swift */,
			);
			path = Utils;
			sourceTree = "<group>";
		};
		1DDBA4DD2C2EFC39006C4167 /* NetworkManager */ = {
			isa = PBXGroup;
			children = (
				1DDBA4DE2C2EFC39006C4167 /* NetworkManager.swift */,
				1DDBA4DF2C2EFC39006C4167 /* NetworkConstants.swift */,
			);
			path = NetworkManager;
			sourceTree = "<group>";
		};
		1DDBA4E02C2EFC39006C4167 /* HomePage */ = {
			isa = PBXGroup;
			children = (
				1DDBA4E12C2EFC39006C4167 /* ViewModels */,
				1DDBA4E32C2EFC39006C4167 /* Models */,
				1DDBA4E52C2EFC39006C4167 /* Views */,
			);
			path = HomePage;
			sourceTree = "<group>";
		};
		1DDBA4E12C2EFC39006C4167 /* ViewModels */ = {
			isa = PBXGroup;
			children = (
				1DDBA4E22C2EFC39006C4167 /* FlickrHomeViewModel.swift */,
			);
			path = ViewModels;
			sourceTree = "<group>";
		};
		1DDBA4E32C2EFC39006C4167 /* Models */ = {
			isa = PBXGroup;
			children = (
				1DDBA4E42C2EFC39006C4167 /* FlickrImageModel.swift */,
			);
			path = Models;
			sourceTree = "<group>";
		};
		1DDBA4E52C2EFC39006C4167 /* Views */ = {
			isa = PBXGroup;
			children = (
				1DDBA4E62C2EFC39006C4167 /* FlickrImageCell.swift */,
				1DDBA4E72C2EFC39006C4167 /* FlickrImageDetailView.swift */,
				1DDBA4E82C2EFC39006C4167 /* FlickrHomeView.swift */,
			);
			path = Views;
			sourceTree = "<group>";
		};
/* End PBXGroup section */

/* Begin PBXNativeTarget section */
		1D0E7AD62C2EFB49004D182A /* FlickrApp */ = {
			isa = PBXNativeTarget;
			buildConfigurationList = 1D0E7AFC2C2EFB4B004D182A /* Build configuration list for PBXNativeTarget "FlickrApp" */;
			buildPhases = (
				1D0E7AD32C2EFB49004D182A /* Sources */,
				1D0E7AD42C2EFB49004D182A /* Frameworks */,
				1D0E7AD52C2EFB49004D182A /* Resources */,
			);
			buildRules = (
			);
			dependencies = (
			);
			name = FlickrApp;
			packageProductDependencies = (
				1DDBA4F42C2EFC4F006C4167 /* Kingfisher */,
			);
			productName = FlickrApp;
			productReference = 1D0E7AD72C2EFB49004D182A /* FlickrApp.app */;
			productType = "com.apple.product-type.application";
		};
		1D0E7AE72C2EFB4B004D182A /* FlickrAppTests */ = {
			isa = PBXNativeTarget;
			buildConfigurationList = 1D0E7AFF2C2EFB4B004D182A /* Build configuration list for PBXNativeTarget "FlickrAppTests" */;
			buildPhases = (
				1D0E7AE42C2EFB4B004D182A /* Sources */,
				1D0E7AE52C2EFB4B004D182A /* Frameworks */,
				1D0E7AE62C2EFB4B004D182A /* Resources */,
			);
			buildRules = (
			);
			dependencies = (
				1D0E7AEA2C2EFB4B004D182A /* PBXTargetDependency */,
			);
			name = FlickrAppTests;
			productName = FlickrAppTests;
			productReference = 1D0E7AE82C2EFB4B004D182A /* FlickrAppTests.xctest */;
			productType = "com.apple.product-type.bundle.unit-test";
		};
		1D0E7AF12C2EFB4B004D182A /* FlickrAppUITests */ = {
			isa = PBXNativeTarget;
			buildConfigurationList = 1D0E7B022C2EFB4B004D182A /* Build configuration list for PBXNativeTarget "FlickrAppUITests" */;
			buildPhases = (
				1D0E7AEE2C2EFB4B004D182A /* Sources */,
				1D0E7AEF2C2EFB4B004D182A /* Frameworks */,
				1D0E7AF02C2EFB4B004D182A /* Resources */,
			);
			buildRules = (
			);
			dependencies = (
				1D0E7AF42C2EFB4B004D182A /* PBXTargetDependency */,
			);
			name = FlickrAppUITests;
			productName = FlickrAppUITests;
			productReference = 1D0E7AF22C2EFB4B004D182A /* FlickrAppUITests.xctest */;
			productType = "com.apple.product-type.bundle.ui-testing";
		};
/* End PBXNativeTarget section */

/* Begin PBXProject section */
		1D0E7ACF2C2EFB49004D182A /* Project object */ = {
			isa = PBXProject;
			attributes = {
				BuildIndependentTargetsInParallel = 1;
				LastSwiftUpdateCheck = 1520;
				LastUpgradeCheck = 1520;
				TargetAttributes = {
					1D0E7AD62C2EFB49004D182A = {
						CreatedOnToolsVersion = 15.2;
					};
					1D0E7AE72C2EFB4B004D182A = {
						CreatedOnToolsVersion = 15.2;
						TestTargetID = 1D0E7AD62C2EFB49004D182A;
					};
					1D0E7AF12C2EFB4B004D182A = {
						CreatedOnToolsVersion = 15.2;
						TestTargetID = 1D0E7AD62C2EFB49004D182A;
					};
				};
			};
			buildConfigurationList = 1D0E7AD22C2EFB49004D182A /* Build configuration list for PBXProject "FlickrApp" */;
			compatibilityVersion = "Xcode 14.0";
			developmentRegion = en;
			hasScannedForEncodings = 0;
			knownRegions = (
				en,
				Base,
			);
			mainGroup = 1D0E7ACE2C2EFB49004D182A;
			packageReferences = (
				1DDBA4F32C2EFC4F006C4167 /* XCRemoteSwiftPackageReference "Kingfisher" */,
			);
			productRefGroup = 1D0E7AD82C2EFB49004D182A /* Products */;
			projectDirPath = "";
			projectRoot = "";
			targets = (
				1D0E7AD62C2EFB49004D182A /* FlickrApp */,
				1D0E7AE72C2EFB4B004D182A /* FlickrAppTests */,
				1D0E7AF12C2EFB4B004D182A /* FlickrAppUITests */,
			);
		};
/* End PBXProject section */

/* Begin PBXResourcesBuildPhase section */
		1D0E7AD52C2EFB49004D182A /* Resources */ = {
			isa = PBXResourcesBuildPhase;
			buildActionMask = 2147483647;
			files = (
				1D0E7AE32C2EFB4B004D182A /* Preview Assets.xcassets in Resources */,
				1D0E7ADF2C2EFB4B004D182A /* Assets.xcassets in Resources */,
			);
			runOnlyForDeploymentPostprocessing = 0;
		};
		1D0E7AE62C2EFB4B004D182A /* Resources */ = {
			isa = PBXResourcesBuildPhase;
			buildActionMask = 2147483647;
			files = (
			);
			runOnlyForDeploymentPostprocessing = 0;
		};
		1D0E7AF02C2EFB4B004D182A /* Resources */ = {
			isa = PBXResourcesBuildPhase;
			buildActionMask = 2147483647;
			files = (
			);
			runOnlyForDeploymentPostprocessing = 0;
		};
/* End PBXResourcesBuildPhase section */

/* Begin PBXSourcesBuildPhase section */
		1D0E7AD32C2EFB49004D182A /* Sources */ = {
			isa = PBXSourcesBuildPhase;
			buildActionMask = 2147483647;
			files = (
				1DDBA4EF2C2EFC39006C4167 /* FlickrImageModel.swift in Sources */,
				1DDBA4ED2C2EFC39006C4167 /* NetworkConstants.swift in Sources */,
				1DDBA4F02C2EFC39006C4167 /* FlickrImageCell.swift in Sources */,
				1D0E7ADB2C2EFB49004D182A /* FlickrAppApp.swift in Sources */,
				1DDBA4EB2C2EFC39006C4167 /* String+Extenstion.swift in Sources */,
				1DDBA4F22C2EFC39006C4167 /* FlickrHomeView.swift in Sources */,
				1DDBA4EC2C2EFC39006C4167 /* NetworkManager.swift in Sources */,
				1DDBA4F12C2EFC39006C4167 /* FlickrImageDetailView.swift in Sources */,
				1DDBA4EE2C2EFC39006C4167 /* FlickrHomeViewModel.swift in Sources */,
				1DDBA4E92C2EFC39006C4167 /* DateUtil.swift in Sources */,
				1DDBA4EA2C2EFC39006C4167 /* URLResponse.swift in Sources */,
			);
			runOnlyForDeploymentPostprocessing = 0;
		};
		1D0E7AE42C2EFB4B004D182A /* Sources */ = {
			isa = PBXSourcesBuildPhase;
			buildActionMask = 2147483647;
			files = (
				1D0E7AED2C2EFB4B004D182A /* FlickrAppTests.swift in Sources */,
				1DDBA4F72C2EFD2A006C4167 /* DateUtils_Tests.swift in Sources */,
			);
			runOnlyForDeploymentPostprocessing = 0;
		};
		1D0E7AEE2C2EFB4B004D182A /* Sources */ = {
			isa = PBXSourcesBuildPhase;
			buildActionMask = 2147483647;
			files = (
				1D0E7AF72C2EFB4B004D182A /* FlickrAppUITests.swift in Sources */,
				1D0E7AF92C2EFB4B004D182A /* FlickrAppUITestsLaunchTests.swift in Sources */,
			);
			runOnlyForDeploymentPostprocessing = 0;
		};
/* End PBXSourcesBuildPhase section */

/* Begin PBXTargetDependency section */
		1D0E7AEA2C2EFB4B004D182A /* PBXTargetDependency */ = {
			isa = PBXTargetDependency;
			target = 1D0E7AD62C2EFB49004D182A /* FlickrApp */;
			targetProxy = 1D0E7AE92C2EFB4B004D182A /* PBXContainerItemProxy */;
		};
		1D0E7AF42C2EFB4B004D182A /* PBXTargetDependency */ = {
			isa = PBXTargetDependency;
			target = 1D0E7AD62C2EFB49004D182A /* FlickrApp */;
			targetProxy = 1D0E7AF32C2EFB4B004D182A /* PBXContainerItemProxy */;
		};
/* End PBXTargetDependency section */

/* Begin XCBuildConfiguration section */
		1D0E7AFA2C2EFB4B004D182A /* Debug */ = {
			isa = XCBuildConfiguration;
			buildSettings = {
				ALWAYS_SEARCH_USER_PATHS = NO;
				ASSETCATALOG_COMPILER_GENERATE_SWIFT_ASSET_SYMBOL_EXTENSIONS = YES;
				CLANG_ANALYZER_NONNULL = YES;
				CLANG_ANALYZER_NUMBER_OBJECT_CONVERSION = YES_AGGRESSIVE;
				CLANG_CXX_LANGUAGE_STANDARD = "gnu++20";
				CLANG_ENABLE_MODULES = YES;
				CLANG_ENABLE_OBJC_ARC = YES;
				CLANG_ENABLE_OBJC_WEAK = YES;
				CLANG_WARN_BLOCK_CAPTURE_AUTORELEASING = YES;
				CLANG_WARN_BOOL_CONVERSION = YES;
				CLANG_WARN_COMMA = YES;
				CLANG_WARN_CONSTANT_CONVERSION = YES;
				CLANG_WARN_DEPRECATED_OBJC_IMPLEMENTATIONS = YES;
				CLANG_WARN_DIRECT_OBJC_ISA_USAGE = YES_ERROR;
				CLANG_WARN_DOCUMENTATION_COMMENTS = YES;
				CLANG_WARN_EMPTY_BODY = YES;
				CLANG_WARN_ENUM_CONVERSION = YES;
				CLANG_WARN_INFINITE_RECURSION = YES;
				CLANG_WARN_INT_CONVERSION = YES;
				CLANG_WARN_NON_LITERAL_NULL_CONVERSION = YES;
				CLANG_WARN_OBJC_IMPLICIT_RETAIN_SELF = YES;
				CLANG_WARN_OBJC_LITERAL_CONVERSION = YES;
				CLANG_WARN_OBJC_ROOT_CLASS = YES_ERROR;
				CLANG_WARN_QUOTED_INCLUDE_IN_FRAMEWORK_HEADER = YES;
				CLANG_WARN_RANGE_LOOP_ANALYSIS = YES;
				CLANG_WARN_STRICT_PROTOTYPES = YES;
				CLANG_WARN_SUSPICIOUS_MOVE = YES;
				CLANG_WARN_UNGUARDED_AVAILABILITY = YES_AGGRESSIVE;
				CLANG_WARN_UNREACHABLE_CODE = YES;
				CLANG_WARN__DUPLICATE_METHOD_MATCH = YES;
				COPY_PHASE_STRIP = NO;
				DEBUG_INFORMATION_FORMAT = dwarf;
				ENABLE_STRICT_OBJC_MSGSEND = YES;
				ENABLE_TESTABILITY = YES;
				ENABLE_USER_SCRIPT_SANDBOXING = YES;
				GCC_C_LANGUAGE_STANDARD = gnu17;
				GCC_DYNAMIC_NO_PIC = NO;
				GCC_NO_COMMON_BLOCKS = YES;
				GCC_OPTIMIZATION_LEVEL = 0;
				GCC_PREPROCESSOR_DEFINITIONS = (
					"DEBUG=1",
					"$(inherited)",
				);
				GCC_WARN_64_TO_32_BIT_CONVERSION = YES;
				GCC_WARN_ABOUT_RETURN_TYPE = YES_ERROR;
				GCC_WARN_UNDECLARED_SELECTOR = YES;
				GCC_WARN_UNINITIALIZED_AUTOS = YES_AGGRESSIVE;
				GCC_WARN_UNUSED_FUNCTION = YES;
				GCC_WARN_UNUSED_VARIABLE = YES;
				LOCALIZATION_PREFERS_STRING_CATALOGS = YES;
				MTL_ENABLE_DEBUG_INFO = INCLUDE_SOURCE;
				MTL_FAST_MATH = YES;
				ONLY_ACTIVE_ARCH = YES;
				SWIFT_ACTIVE_COMPILATION_CONDITIONS = "DEBUG $(inherited)";
				SWIFT_OPTIMIZATION_LEVEL = "-Onone";
			};
			name = Debug;
		};
		1D0E7AFB2C2EFB4B004D182A /* Release */ = {
			isa = XCBuildConfiguration;
			buildSettings = {
				ALWAYS_SEARCH_USER_PATHS = NO;
				ASSETCATALOG_COMPILER_GENERATE_SWIFT_ASSET_SYMBOL_EXTENSIONS = YES;
				CLANG_ANALYZER_NONNULL = YES;
				CLANG_ANALYZER_NUMBER_OBJECT_CONVERSION = YES_AGGRESSIVE;
				CLANG_CXX_LANGUAGE_STANDARD = "gnu++20";
				CLANG_ENABLE_MODULES = YES;
				CLANG_ENABLE_OBJC_ARC = YES;
				CLANG_ENABLE_OBJC_WEAK = YES;
				CLANG_WARN_BLOCK_CAPTURE_AUTORELEASING = YES;
				CLANG_WARN_BOOL_CONVERSION = YES;
				CLANG_WARN_COMMA = YES;
				CLANG_WARN_CONSTANT_CONVERSION = YES;
				CLANG_WARN_DEPRECATED_OBJC_IMPLEMENTATIONS = YES;
				CLANG_WARN_DIRECT_OBJC_ISA_USAGE = YES_ERROR;
				CLANG_WARN_DOCUMENTATION_COMMENTS = YES;
				CLANG_WARN_EMPTY_BODY = YES;
				CLANG_WARN_ENUM_CONVERSION = YES;
				CLANG_WARN_INFINITE_RECURSION = YES;
				CLANG_WARN_INT_CONVERSION = YES;
				CLANG_WARN_NON_LITERAL_NULL_CONVERSION = YES;
				CLANG_WARN_OBJC_IMPLICIT_RETAIN_SELF = YES;
				CLANG_WARN_OBJC_LITERAL_CONVERSION = YES;
				CLANG_WARN_OBJC_ROOT_CLASS = YES_ERROR;
				CLANG_WARN_QUOTED_INCLUDE_IN_FRAMEWORK_HEADER = YES;
				CLANG_WARN_RANGE_LOOP_ANALYSIS = YES;
				CLANG_WARN_STRICT_PROTOTYPES = YES;
				CLANG_WARN_SUSPICIOUS_MOVE = YES;
				CLANG_WARN_UNGUARDED_AVAILABILITY = YES_AGGRESSIVE;
				CLANG_WARN_UNREACHABLE_CODE = YES;
				CLANG_WARN__DUPLICATE_METHOD_MATCH = YES;
				COPY_PHASE_STRIP = NO;
				DEBUG_INFORMATION_FORMAT = "dwarf-with-dsym";
				ENABLE_NS_ASSERTIONS = NO;
				ENABLE_STRICT_OBJC_MSGSEND = YES;
				ENABLE_USER_SCRIPT_SANDBOXING = YES;
				GCC_C_LANGUAGE_STANDARD = gnu17;
				GCC_NO_COMMON_BLOCKS = YES;
				GCC_WARN_64_TO_32_BIT_CONVERSION = YES;
				GCC_WARN_ABOUT_RETURN_TYPE = YES_ERROR;
				GCC_WARN_UNDECLARED_SELECTOR = YES;
				GCC_WARN_UNINITIALIZED_AUTOS = YES_AGGRESSIVE;
				GCC_WARN_UNUSED_FUNCTION = YES;
				GCC_WARN_UNUSED_VARIABLE = YES;
				LOCALIZATION_PREFERS_STRING_CATALOGS = YES;
				MTL_ENABLE_DEBUG_INFO = NO;
				MTL_FAST_MATH = YES;
				SWIFT_COMPILATION_MODE = wholemodule;
			};
			name = Release;
		};
		1D0E7AFD2C2EFB4B004D182A /* Debug */ = {
			isa = XCBuildConfiguration;
			buildSettings = {
				ASSETCATALOG_COMPILER_APPICON_NAME = AppIcon;
				ASSETCATALOG_COMPILER_GLOBAL_ACCENT_COLOR_NAME = AccentColor;
				CODE_SIGN_ENTITLEMENTS = FlickrApp/FlickrApp.entitlements;
				CODE_SIGN_STYLE = Automatic;
				CURRENT_PROJECT_VERSION = 1;
				DEVELOPMENT_ASSET_PATHS = "\"FlickrApp/Preview Content\"";
				ENABLE_PREVIEWS = YES;
				GENERATE_INFOPLIST_FILE = YES;
				"INFOPLIST_KEY_UIApplicationSceneManifest_Generation[sdk=iphoneos*]" = YES;
				"INFOPLIST_KEY_UIApplicationSceneManifest_Generation[sdk=iphonesimulator*]" = YES;
				"INFOPLIST_KEY_UIApplicationSupportsIndirectInputEvents[sdk=iphoneos*]" = YES;
				"INFOPLIST_KEY_UIApplicationSupportsIndirectInputEvents[sdk=iphonesimulator*]" = YES;
				"INFOPLIST_KEY_UILaunchScreen_Generation[sdk=iphoneos*]" = YES;
				"INFOPLIST_KEY_UILaunchScreen_Generation[sdk=iphonesimulator*]" = YES;
				"INFOPLIST_KEY_UIStatusBarStyle[sdk=iphoneos*]" = UIStatusBarStyleDefault;
				"INFOPLIST_KEY_UIStatusBarStyle[sdk=iphonesimulator*]" = UIStatusBarStyleDefault;
				INFOPLIST_KEY_UISupportedInterfaceOrientations_iPad = "UIInterfaceOrientationPortrait UIInterfaceOrientationPortraitUpsideDown UIInterfaceOrientationLandscapeLeft UIInterfaceOrientationLandscapeRight";
				INFOPLIST_KEY_UISupportedInterfaceOrientations_iPhone = "UIInterfaceOrientationPortrait UIInterfaceOrientationLandscapeLeft UIInterfaceOrientationLandscapeRight";
				IPHONEOS_DEPLOYMENT_TARGET = 17.2;
				LD_RUNPATH_SEARCH_PATHS = "@executable_path/Frameworks";
				"LD_RUNPATH_SEARCH_PATHS[sdk=macosx*]" = "@executable_path/../Frameworks";
				MACOSX_DEPLOYMENT_TARGET = 14.2;
				MARKETING_VERSION = 1.0;
				PRODUCT_BUNDLE_IDENTIFIER = veeresh.FlickrApp;
				PRODUCT_NAME = "$(TARGET_NAME)";
				SDKROOT = auto;
				SUPPORTED_PLATFORMS = "iphoneos iphonesimulator macosx";
				SWIFT_EMIT_LOC_STRINGS = YES;
				SWIFT_VERSION = 5.0;
				TARGETED_DEVICE_FAMILY = "1,2";
			};
			name = Debug;
		};
		1D0E7AFE2C2EFB4B004D182A /* Release */ = {
			isa = XCBuildConfiguration;
			buildSettings = {
				ASSETCATALOG_COMPILER_APPICON_NAME = AppIcon;
				ASSETCATALOG_COMPILER_GLOBAL_ACCENT_COLOR_NAME = AccentColor;
				CODE_SIGN_ENTITLEMENTS = FlickrApp/FlickrApp.entitlements;
				CODE_SIGN_STYLE = Automatic;
				CURRENT_PROJECT_VERSION = 1;
				DEVELOPMENT_ASSET_PATHS = "\"FlickrApp/Preview Content\"";
				ENABLE_PREVIEWS = YES;
				GENERATE_INFOPLIST_FILE = YES;
				"INFOPLIST_KEY_UIApplicationSceneManifest_Generation[sdk=iphoneos*]" = YES;
				"INFOPLIST_KEY_UIApplicationSceneManifest_Generation[sdk=iphonesimulator*]" = YES;
				"INFOPLIST_KEY_UIApplicationSupportsIndirectInputEvents[sdk=iphoneos*]" = YES;
				"INFOPLIST_KEY_UIApplicationSupportsIndirectInputEvents[sdk=iphonesimulator*]" = YES;
				"INFOPLIST_KEY_UILaunchScreen_Generation[sdk=iphoneos*]" = YES;
				"INFOPLIST_KEY_UILaunchScreen_Generation[sdk=iphonesimulator*]" = YES;
				"INFOPLIST_KEY_UIStatusBarStyle[sdk=iphoneos*]" = UIStatusBarStyleDefault;
				"INFOPLIST_KEY_UIStatusBarStyle[sdk=iphonesimulator*]" = UIStatusBarStyleDefault;
				INFOPLIST_KEY_UISupportedInterfaceOrientations_iPad = "UIInterfaceOrientationPortrait UIInterfaceOrientationPortraitUpsideDown UIInterfaceOrientationLandscapeLeft UIInterfaceOrientationLandscapeRight";
				INFOPLIST_KEY_UISupportedInterfaceOrientations_iPhone = "UIInterfaceOrientationPortrait UIInterfaceOrientationLandscapeLeft UIInterfaceOrientationLandscapeRight";
				IPHONEOS_DEPLOYMENT_TARGET = 17.2;
				LD_RUNPATH_SEARCH_PATHS = "@executable_path/Frameworks";
				"LD_RUNPATH_SEARCH_PATHS[sdk=macosx*]" = "@executable_path/../Frameworks";
				MACOSX_DEPLOYMENT_TARGET = 14.2;
				MARKETING_VERSION = 1.0;
				PRODUCT_BUNDLE_IDENTIFIER = veeresh.FlickrApp;
				PRODUCT_NAME = "$(TARGET_NAME)";
				SDKROOT = auto;
				SUPPORTED_PLATFORMS = "iphoneos iphonesimulator macosx";
				SWIFT_EMIT_LOC_STRINGS = YES;
				SWIFT_VERSION = 5.0;
				TARGETED_DEVICE_FAMILY = "1,2";
			};
			name = Release;
		};
		1D0E7B002C2EFB4B004D182A /* Debug */ = {
			isa = XCBuildConfiguration;
			buildSettings = {
				ALWAYS_EMBED_SWIFT_STANDARD_LIBRARIES = YES;
				BUNDLE_LOADER = "$(TEST_HOST)";
				CODE_SIGN_STYLE = Automatic;
				CURRENT_PROJECT_VERSION = 1;
				GENERATE_INFOPLIST_FILE = YES;
				IPHONEOS_DEPLOYMENT_TARGET = 17.2;
				MACOSX_DEPLOYMENT_TARGET = 14.2;
				MARKETING_VERSION = 1.0;
				PRODUCT_BUNDLE_IDENTIFIER = veeresh.FlickrAppTests;
				PRODUCT_NAME = "$(TARGET_NAME)";
				SDKROOT = auto;
				SUPPORTED_PLATFORMS = "iphoneos iphonesimulator macosx";
				SWIFT_EMIT_LOC_STRINGS = NO;
				SWIFT_VERSION = 5.0;
				TARGETED_DEVICE_FAMILY = "1,2";
				TEST_HOST = "$(BUILT_PRODUCTS_DIR)/FlickrApp.app/$(BUNDLE_EXECUTABLE_FOLDER_PATH)/FlickrApp";
			};
			name = Debug;
		};
		1D0E7B012C2EFB4B004D182A /* Release */ = {
			isa = XCBuildConfiguration;
			buildSettings = {
				ALWAYS_EMBED_SWIFT_STANDARD_LIBRARIES = YES;
				BUNDLE_LOADER = "$(TEST_HOST)";
				CODE_SIGN_STYLE = Automatic;
				CURRENT_PROJECT_VERSION = 1;
				GENERATE_INFOPLIST_FILE = YES;
				IPHONEOS_DEPLOYMENT_TARGET = 17.2;
				MACOSX_DEPLOYMENT_TARGET = 14.2;
				MARKETING_VERSION = 1.0;
				PRODUCT_BUNDLE_IDENTIFIER = veeresh.FlickrAppTests;
				PRODUCT_NAME = "$(TARGET_NAME)";
				SDKROOT = auto;
				SUPPORTED_PLATFORMS = "iphoneos iphonesimulator macosx";
				SWIFT_EMIT_LOC_STRINGS = NO;
				SWIFT_VERSION = 5.0;
				TARGETED_DEVICE_FAMILY = "1,2";
				TEST_HOST = "$(BUILT_PRODUCTS_DIR)/FlickrApp.app/$(BUNDLE_EXECUTABLE_FOLDER_PATH)/FlickrApp";
			};
			name = Release;
		};
		1D0E7B032C2EFB4B004D182A /* Debug */ = {
			isa = XCBuildConfiguration;
			buildSettings = {
				ALWAYS_EMBED_SWIFT_STANDARD_LIBRARIES = YES;
				CODE_SIGN_STYLE = Automatic;
				CURRENT_PROJECT_VERSION = 1;
				GENERATE_INFOPLIST_FILE = YES;
				IPHONEOS_DEPLOYMENT_TARGET = 17.2;
				MACOSX_DEPLOYMENT_TARGET = 14.2;
				MARKETING_VERSION = 1.0;
				PRODUCT_BUNDLE_IDENTIFIER = veeresh.FlickrAppUITests;
				PRODUCT_NAME = "$(TARGET_NAME)";
				SDKROOT = auto;
				SUPPORTED_PLATFORMS = "iphoneos iphonesimulator macosx";
				SWIFT_EMIT_LOC_STRINGS = NO;
				SWIFT_VERSION = 5.0;
				TARGETED_DEVICE_FAMILY = "1,2";
				TEST_TARGET_NAME = FlickrApp;
			};
			name = Debug;
		};
		1D0E7B042C2EFB4B004D182A /* Release */ = {
			isa = XCBuildConfiguration;
			buildSettings = {
				ALWAYS_EMBED_SWIFT_STANDARD_LIBRARIES = YES;
				CODE_SIGN_STYLE = Automatic;
				CURRENT_PROJECT_VERSION = 1;
				GENERATE_INFOPLIST_FILE = YES;
				IPHONEOS_DEPLOYMENT_TARGET = 17.2;
				MACOSX_DEPLOYMENT_TARGET = 14.2;
				MARKETING_VERSION = 1.0;
				PRODUCT_BUNDLE_IDENTIFIER = veeresh.FlickrAppUITests;
				PRODUCT_NAME = "$(TARGET_NAME)";
				SDKROOT = auto;
				SUPPORTED_PLATFORMS = "iphoneos iphonesimulator macosx";
				SWIFT_EMIT_LOC_STRINGS = NO;
				SWIFT_VERSION = 5.0;
				TARGETED_DEVICE_FAMILY = "1,2";
				TEST_TARGET_NAME = FlickrApp;
			};
			name = Release;
		};
/* End XCBuildConfiguration section */

/* Begin XCConfigurationList section */
		1D0E7AD22C2EFB49004D182A /* Build configuration list for PBXProject "FlickrApp" */ = {
			isa = XCConfigurationList;
			buildConfigurations = (
				1D0E7AFA2C2EFB4B004D182A /* Debug */,
				1D0E7AFB2C2EFB4B004D182A /* Release */,
			);
			defaultConfigurationIsVisible = 0;
			defaultConfigurationName = Release;
		};
		1D0E7AFC2C2EFB4B004D182A /* Build configuration list for PBXNativeTarget "FlickrApp" */ = {
			isa = XCConfigurationList;
			buildConfigurations = (
				1D0E7AFD2C2EFB4B004D182A /* Debug */,
				1D0E7AFE2C2EFB4B004D182A /* Release */,
			);
			defaultConfigurationIsVisible = 0;
			defaultConfigurationName = Release;
		};
		1D0E7AFF2C2EFB4B004D182A /* Build configuration list for PBXNativeTarget "FlickrAppTests" */ = {
			isa = XCConfigurationList;
			buildConfigurations = (
				1D0E7B002C2EFB4B004D182A /* Debug */,
				1D0E7B012C2EFB4B004D182A /* Release */,
			);
			defaultConfigurationIsVisible = 0;
			defaultConfigurationName = Release;
		};
		1D0E7B022C2EFB4B004D182A /* Build configuration list for PBXNativeTarget "FlickrAppUITests" */ = {
			isa = XCConfigurationList;
			buildConfigurations = (
				1D0E7B032C2EFB4B004D182A /* Debug */,
				1D0E7B042C2EFB4B004D182A /* Release */,
			);
			defaultConfigurationIsVisible = 0;
			defaultConfigurationName = Release;
		};
/* End XCConfigurationList section */

/* Begin XCRemoteSwiftPackageReference section */
		1DDBA4F32C2EFC4F006C4167 /* XCRemoteSwiftPackageReference "Kingfisher" */ = {
			isa = XCRemoteSwiftPackageReference;
			repositoryURL = "https://github.com/onevcat/Kingfisher";
			requirement = {
				kind = upToNextMajorVersion;
				minimumVersion = 7.12.0;
			};
		};
/* End XCRemoteSwiftPackageReference section */

/* Begin XCSwiftPackageProductDependency section */
		1DDBA4F42C2EFC4F006C4167 /* Kingfisher */ = {
			isa = XCSwiftPackageProductDependency;
			package = 1DDBA4F32C2EFC4F006C4167 /* XCRemoteSwiftPackageReference "Kingfisher" */;
			productName = Kingfisher;
		};
/* End XCSwiftPackageProductDependency section */
	};
	rootObject = 1D0E7ACF2C2EFB49004D182A /* Project object */;
}
